
Microsoft Visual Studio Solution File, Format Version 12.00
# Visual Studio Version 17
VisualStudioVersion = 17.12.35514.174 d17.12
MinimumVisualStudioVersion = 10.0.40219.1
Project("{FAE04EC0-301F-11D3-BF4B-00C04F79EFBC}") = "Task_Tracker-WebApp", "Task_Tracker-WebApp\Task_Tracker-WebApp.csproj", "{14987849-5A30-4075-8AB2-1CD3EC354BDB}"
EndProject
Global
	GlobalSection(SolutionConfigurationPlatforms) = preSolution
		Debug|Any CPU = Debug|Any CPU
		Release|Any CPU = Release|Any CPU
	EndGlobalSection
	GlobalSection(ProjectConfigurationPlatforms) = postSolution
		{14987849-5A30-4075-8AB2-1CD3EC354BDB}.Debug|Any CPU.ActiveCfg = Debug|Any CPU
		{14987849-5A30-4075-8AB2-1CD3EC354BDB}.Debug|Any CPU.Build.0 = Debug|Any CPU
		{14987849-5A30-4075-8AB2-1CD3EC354BDB}.Release|Any CPU.ActiveCfg = Release|Any CPU
		{14987849-5A30-4075-8AB2-1CD3EC354BDB}.Release|Any CPU.Build.0 = Release|Any CPU
	EndGlobalSection
	GlobalSection(SolutionProperties) = preSolution
		HideSolutionNode = FALSE
	EndGlobalSection
EndGlobal
